{
  "dependencies": {
    "is-running": {
      "version": "2.0.0"
    },
    "split": {
      "version": "1.0.0",
      "dependencies": {
        "through": {
          "version": "2.3.8"
        }
      }
    },
    "websocket-driver": {
      "version": "0.6.4",
      "dependencies": {
        "websocket-extensions": {
          "version": "0.1.1"
        }
      }
    }
  }
}
